<?xml version="1.0" encoding="utf-8"?>
<Project ToolsVersion="4.0" xmlns="http://schemas.microsoft.com/developer/msbuild/2003">
  <ItemGroup>
    <Filter Include="Source Files">
      <UniqueIdentifier>{4FC737F1-C7A5-4376-A066-2A32D752A2FF}</UniqueIdentifier>
      <Extensions>cpp;c;cc;cxx;c++;cppm;ixx;def;odl;idl;hpj;bat;asm;asmx</Extensions>
    </Filter>
    <Filter Include="Header Files">
      <UniqueIdentifier>{93995380-89BD-4b04-88EB-625FBE52EBFB}</UniqueIdentifier>
      <Extensions>h;hh;hpp;hxx;h++;hm;inl;inc;ipp;xsd</Extensions>
    </Filter>
    <Filter Include="Resource Files">
      <UniqueIdentifier>{67DA6AB6-F800-4c08-8B7A-83BB121AAD01}</UniqueIdentifier>
      <Extensions>rc;ico;cur;bmp;dlg;rc2;rct;bin;rgs;gif;jpg;jpeg;jpe;resx;tiff;tif;png;wav;mfcribbon-ms</Extensions>
    </Filter>
  </ItemGroup>
  <ItemGroup>
    <ClCompile Include="program.cpp">
      <Filter>Source Files</Filter>
    </ClCompile>
    <ClCompile Include="glad.c">
      <Filter>Source Files</Filter>
    </ClCompile>
    <ClCompile Include="utilities\shader.cpp">
      <Filter>Source Files</Filter>
    </ClCompile>
    <ClCompile Include="utilities\texture.cpp">
      <Filter>Source Files</Filter>
    </ClCompile>
    <ClCompile Include="utilities\stb_image.cpp">
      <Filter>Source Files</Filter>
    </ClCompile>
    <ClCompile Include="utilities\resource_manager.cpp">
      <Filter>Source Files</Filter>
    </ClCompile>
    <ClCompile Include="game.cpp">
      <Filter>Source Files</Filter>
    </ClCompile>
    <ClCompile Include="utilities\sprite_renderer.cpp">
      <Filter>Source Files</Filter>
    </ClCompile>
    <ClCompile Include="game_object.cpp">
      <Filter>Source Files</Filter>
    </ClCompile>
    <ClCompile Include="projectile_object.cpp">
      <Filter>Source Files</Filter>
    </ClCompile>
    <ClCompile Include="utilities\color_renderer.cpp">
      <Filter>Source Files</Filter>
    </ClCompile>
    <ClCompile Include="border_object.cpp">
      <Filter>Source Files</Filter>
    </ClCompile>
    <ClCompile Include="player_object.cpp">
      <Filter>Source Files</Filter>
    </ClCompile>
    <ClCompile Include="chunk_object.cpp">
      <Filter>Source Files</Filter>
    </ClCompile>
    <ClCompile Include="enemy_object.cpp">
      <Filter>Source Files</Filter>
    </ClCompile>
    <ClCompile Include="collision_manager.cpp">
      <Filter>Source Files</Filter>
    </ClCompile>
    <ClCompile Include="utilities\text_renderer.cpp">
      <Filter>Source Files</Filter>
    </ClCompile>
    <ClCompile Include="utilities\sound_manager.cpp">
      <Filter>Source Files</Filter>
    </ClCompile>
  </ItemGroup>
  <ItemGroup>
    <ClInclude Include="utilities\shader.h">
      <Filter>Header Files</Filter>
    </ClInclude>
    <ClInclude Include="utilities\texture.h">
      <Filter>Header Files</Filter>
    </ClInclude>
    <ClInclude Include="utilities\stb_image.h">
      <Filter>Header Files</Filter>
    </ClInclude>
    <ClInclude Include="utilities\resource_manager.h">
      <Filter>Header Files</Filter>
    </ClInclude>
    <ClInclude Include="game.h">
      <Filter>Header Files</Filter>
    </ClInclude>
    <ClInclude Include="utilities\sprite_renderer.h">
      <Filter>Header Files</Filter>
    </ClInclude>
    <ClInclude Include="game_object.h">
      <Filter>Header Files</Filter>
    </ClInclude>
    <ClInclude Include="projectile_object.h">
      <Filter>Header Files</Filter>
    </ClInclude>
    <ClInclude Include="utilities\color_renderer.h">
      <Filter>Header Files</Filter>
    </ClInclude>
    <ClInclude Include="border_object.h">
      <Filter>Header Files</Filter>
    </ClInclude>
    <ClInclude Include="program.h">
      <Filter>Header Files</Filter>
    </ClInclude>
    <ClInclude Include="player_object.h">
      <Filter>Header Files</Filter>
    </ClInclude>
    <ClInclude Include="chunk_object.h">
      <Filter>Header Files</Filter>
    </ClInclude>
    <ClInclude Include="enemy_object.h">
      <Filter>Header Files</Filter>
    </ClInclude>
    <ClInclude Include="collision_manager.h">
      <Filter>Header Files</Filter>
    </ClInclude>
    <ClInclude Include="utilities\text_renderer.h">
      <Filter>Header Files</Filter>
    </ClInclude>
    <ClInclude Include="utilities\sound_manager.h">
      <Filter>Header Files</Filter>
    </ClInclude>
  </ItemGroup>
  <ItemGroup>
    <None Include="shader.frag" />
    <None Include="shader.vert" />
    <None Include="shaders\color.frag" />
    <None Include="shaders\color.vert" />
    <None Include="shaders\sprite.frag" />
    <None Include="shaders\sprite.vert" />
    <None Include="shaders\text.frag" />
    <None Include="shaders\text.vert" />
  </ItemGroup>
  <ItemGroup>
    <Image Include="resources\textures\airplane.png">
      <Filter>Resource Files</Filter>
    </Image>
    <Image Include="resources\textures\airplane_left.png">
      <Filter>Resource Files</Filter>
    </Image>
    <Image Include="resources\textures\airplane_right.png">
      <Filter>Resource Files</Filter>
    </Image>
    <Image Include="resources\textures\ship.png">
      <Filter>Resource Files</Filter>
    </Image>
  </ItemGroup>
</Project>